
Microsoft Visual Studio Solution File, Format Version 12.00
# Visual Studio Version 17
VisualStudioVersion = 17.9.34616.47
MinimumVisualStudioVersion = 10.0.40219.1
Project("{FAE04EC0-301F-11D3-BF4B-00C04F79EFBC}") = "Lab4_", "Lab4_\Lab4_.csproj", "{5C35B073-0F67-43E3-9E32-5F4A5B8DD631}"
EndProject
Global
	GlobalSection(SolutionConfigurationPlatforms) = preSolution
		Debug|Any CPU = Debug|Any CPU
		Release|Any CPU = Release|Any CPU
	EndGlobalSection
	GlobalSection(ProjectConfigurationPlatforms) = postSolution
		{5C35B073-0F67-43E3-9E32-5F4A5B8DD631}.Debug|Any CPU.ActiveCfg = Debug|Any CPU
		{5C35B073-0F67-43E3-9E32-5F4A5B8DD631}.Debug|Any CPU.Build.0 = Debug|Any CPU
		{5C35B073-0F67-43E3-9E32-5F4A5B8DD631}.Release|Any CPU.ActiveCfg = Release|Any CPU
		{5C35B073-0F67-43E3-9E32-5F4A5B8DD631}.Release|Any CPU.Build.0 = Release|Any CPU
	EndGlobalSection
	GlobalSection(SolutionProperties) = preSolution
		HideSolutionNode = FALSE
	EndGlobalSection
	GlobalSection(ExtensibilityGlobals) = postSolution
		SolutionGuid = {08927B30-4FBF-48AE-8A32-868C9BAC2925}
	EndGlobalSection
EndGlobal
